
Microsoft Visual Studio Solution File, Format Version 12.00
# Visual Studio Version 17
VisualStudioVersion = 17.10.34928.147
MinimumVisualStudioVersion = 10.0.40219.1
Project("{FAE04EC0-301F-11D3-BF4B-00C04F79EFBC}") = "DemoPassword", "DemoPassword\DemoPassword.csproj", "{3653AD18-F1A4-4428-BD5B-AA9B8818F23E}"
EndProject
Project("{FAE04EC0-301F-11D3-BF4B-00C04F79EFBC}") = "DemoPasswordTests", "DemoPasswordTests\DemoPasswordTests.csproj", "{B1C7D85F-79EA-4D16-9FDB-D54E61A6D826}"
EndProject
Global
	GlobalSection(SolutionConfigurationPlatforms) = preSolution
		Debug|Any CPU = Debug|Any CPU
		Release|Any CPU = Release|Any CPU
	EndGlobalSection
	GlobalSection(ProjectConfigurationPlatforms) = postSolution
		{3653AD18-F1A4-4428-BD5B-AA9B8818F23E}.Debug|Any CPU.ActiveCfg = Debug|Any CPU
		{3653AD18-F1A4-4428-BD5B-AA9B8818F23E}.Debug|Any CPU.Build.0 = Debug|Any CPU
		{3653AD18-F1A4-4428-BD5B-AA9B8818F23E}.Release|Any CPU.ActiveCfg = Release|Any CPU
		{3653AD18-F1A4-4428-BD5B-AA9B8818F23E}.Release|Any CPU.Build.0 = Release|Any CPU
		{B1C7D85F-79EA-4D16-9FDB-D54E61A6D826}.Debug|Any CPU.ActiveCfg = Debug|Any CPU
		{B1C7D85F-79EA-4D16-9FDB-D54E61A6D826}.Debug|Any CPU.Build.0 = Debug|Any CPU
		{B1C7D85F-79EA-4D16-9FDB-D54E61A6D826}.Release|Any CPU.ActiveCfg = Release|Any CPU
		{B1C7D85F-79EA-4D16-9FDB-D54E61A6D826}.Release|Any CPU.Build.0 = Release|Any CPU
	EndGlobalSection
	GlobalSection(SolutionProperties) = preSolution
		HideSolutionNode = FALSE
	EndGlobalSection
	GlobalSection(ExtensibilityGlobals) = postSolution
		SolutionGuid = {BB97470A-87A8-45D0-9A78-310AB03451C0}
	EndGlobalSection
EndGlobal
